
Microsoft Visual Studio Solution File, Format Version 12.00
# Visual Studio Version 17
VisualStudioVersion = 17.3.32901.215
MinimumVisualStudioVersion = 10.0.40219.1
Project("{8BC9CEB8-8B4A-11D0-8D11-00A0C91BC942}") = "Course_work", "Course_work\Course_work.vcxproj", "{8CE0B14C-456B-4B44-BDDC-4A20F8C7B272}"
EndProject
Global
	GlobalSection(SolutionConfigurationPlatforms) = preSolution
		Debug|x64 = Debug|x64
		Debug|x86 = Debug|x86
		Release|x64 = Release|x64
		Release|x86 = Release|x86
	EndGlobalSection
	GlobalSection(ProjectConfigurationPlatforms) = postSolution
		{8CE0B14C-456B-4B44-BDDC-4A20F8C7B272}.Debug|x64.ActiveCfg = Debug|x64
		{8CE0B14C-456B-4B44-BDDC-4A20F8C7B272}.Debug|x64.Build.0 = Debug|x64
		{8CE0B14C-456B-4B44-BDDC-4A20F8C7B272}.Debug|x86.ActiveCfg = Debug|Win32
		{8CE0B14C-456B-4B44-BDDC-4A20F8C7B272}.Debug|x86.Build.0 = Debug|Win32
		{8CE0B14C-456B-4B44-BDDC-4A20F8C7B272}.Release|x64.ActiveCfg = Release|x64
		{8CE0B14C-456B-4B44-BDDC-4A20F8C7B272}.Release|x64.Build.0 = Release|x64
		{8CE0B14C-456B-4B44-BDDC-4A20F8C7B272}.Release|x86.ActiveCfg = Release|Win32
		{8CE0B14C-456B-4B44-BDDC-4A20F8C7B272}.Release|x86.Build.0 = Release|Win32
	EndGlobalSection
	GlobalSection(SolutionProperties) = preSolution
		HideSolutionNode = FALSE
	EndGlobalSection
	GlobalSection(ExtensibilityGlobals) = postSolution
		SolutionGuid = {E6D01C3A-8B34-4328-AD5B-D3AF982C56B1}
	EndGlobalSection
EndGlobal
